
Microsoft Visual Studio Solution File, Format Version 12.00
# Visual Studio 15
VisualStudioVersion = 15.0.27428.2015
MinimumVisualStudioVersion = 10.0.40219.1
Project("{9A19103F-16F7-4668-BE54-9A1E7A4F7556}") = "iTunesController", "iTunesController\iTunesController.csproj", "{2245886A-D1EB-457D-9C79-F3D05AD71C85}"
EndProject
Project("{9A19103F-16F7-4668-BE54-9A1E7A4F7556}") = "iTunesServer", "iTunesServer\iTunesServer.csproj", "{F4024831-6F9E-4500-8AFA-A04ED89294C0}"
EndProject
Global
	GlobalSection(SolutionConfigurationPlatforms) = preSolution
		Debug|Any CPU = Debug|Any CPU
		Release|Any CPU = Release|Any CPU
	EndGlobalSection
	GlobalSection(ProjectConfigurationPlatforms) = postSolution
		{2245886A-D1EB-457D-9C79-F3D05AD71C85}.Debug|Any CPU.ActiveCfg = Debug|Any CPU
		{2245886A-D1EB-457D-9C79-F3D05AD71C85}.Debug|Any CPU.Build.0 = Debug|Any CPU
		{2245886A-D1EB-457D-9C79-F3D05AD71C85}.Release|Any CPU.ActiveCfg = Release|Any CPU
		{2245886A-D1EB-457D-9C79-F3D05AD71C85}.Release|Any CPU.Build.0 = Release|Any CPU
		{F4024831-6F9E-4500-8AFA-A04ED89294C0}.Debug|Any CPU.ActiveCfg = Debug|Any CPU
		{F4024831-6F9E-4500-8AFA-A04ED89294C0}.Debug|Any CPU.Build.0 = Debug|Any CPU
		{F4024831-6F9E-4500-8AFA-A04ED89294C0}.Release|Any CPU.ActiveCfg = Release|Any CPU
		{F4024831-6F9E-4500-8AFA-A04ED89294C0}.Release|Any CPU.Build.0 = Release|Any CPU
	EndGlobalSection
	GlobalSection(SolutionProperties) = preSolution
		HideSolutionNode = FALSE
	EndGlobalSection
	GlobalSection(ExtensibilityGlobals) = postSolution
		SolutionGuid = {DEBE4149-5C13-424F-B23C-1E2938019AF6}
	EndGlobalSection
EndGlobal
